NeoBundleLock VimClojure 2a17c249571395a7f45523d38cac6a9326ecf8f1
NeoBundleLock neobundle.vim 26d03781886ed887e390d4ad8b935987754b1c2c
NeoBundleLock neocomplcache 778181767467b8f8016828898779a646074d883a
NeoBundleLock neomru.vim 97540f54fa20b94daf306f0c1f3cce983bbf7a1d
NeoBundleLock neosnippet ddd01d0ee3d965d9a30051f2e12b14234c83b3ae
NeoBundleLock neosnippet-snippets 8dbb78599984140c50418d3dd23d0de4c8f13e74
NeoBundleLock rubocop a6b6786ede8cf97447d0cdb9154c4e22d78d6071
NeoBundleLock switch.vim 0daa5d7cf03bd831cbbfb2e5d80bfe5307243956
NeoBundleLock syntastic 08adf11e81baef2f504d766f8c5b7444b2ee5a6f
NeoBundleLock unite-rails 57e47a6a7254b2f5f8c9f832173505ea5b5eeac1
NeoBundleLock unite.vim c5c69d5d94e61a67d61730d04c82763196f63b10
NeoBundleLock vim-endwise d5655263af8b3611a2bcb907a9963831a88d154b
NeoBundleLock vim-rails f7fc6fcb67203a49ec4db43e05642c2cad1f929d
NeoBundleLock vim-slime 6f7a61c13cfd9f36675d97aeafd7ba780407a51f
NeoBundleLock vimshell d0c5bef010237855b4de25863bc54895effe5d7a
